# THIS IS AN AUTOGENERATED FILE. DO NOT EDIT THIS FILE DIRECTLY.
# yarn lockfile v1


simplelightbox@^2.10.3:
  version "2.10.3"
  resolved "https://registry.yarnpkg.com/simplelightbox/-/simplelightbox-2.10.3.tgz#122dd5044279b95596b82103351ddba40dae8917"
  integrity sha512-EvBmxVG5YQGKsaYijyky5J22h4OsOKnv8kWJxUZR9fxWTpxkTj0rbbflZiFJ61F+OEb6cPUFzxUjLoOZF8W2gg==
